
Microsoft Visual Studio Solution File, Format Version 12.00
# Visual Studio 15
Project("{FAE04EC0-301F-11D3-BF4B-00C04F79EFBC}") = "Soul Split", "AstarPathfindingProject.csproj", "{B2701F7D-6CC4-A4D2-DBDA-4647517B3F1E}"
EndProject
Project("{FAE04EC0-301F-11D3-BF4B-00C04F79EFBC}") = "Soul Split", "Assembly-CSharp.csproj", "{7B1E0EC7-77DB-6707-3BB6-B691C12EE3DB}"
EndProject
Project("{FAE04EC0-301F-11D3-BF4B-00C04F79EFBC}") = "Soul Split", "AstarPathfindingProjectEditor.csproj", "{039785ED-11BE-665C-BEEE-61F91CF44F4D}"
EndProject
Project("{FAE04EC0-301F-11D3-BF4B-00C04F79EFBC}") = "Soul Split", "PackageToolsEditor.csproj", "{975FBA48-59E4-AE1A-5F24-8A857230BC52}"
EndProject
Global
	GlobalSection(SolutionConfigurationPlatforms) = preSolution
		Debug|Any CPU = Debug|Any CPU
		Release|Any CPU = Release|Any CPU
	EndGlobalSection
	GlobalSection(ProjectConfigurationPlatforms) = postSolution
		{B2701F7D-6CC4-A4D2-DBDA-4647517B3F1E}.Debug|Any CPU.ActiveCfg = Debug|Any CPU
		{B2701F7D-6CC4-A4D2-DBDA-4647517B3F1E}.Debug|Any CPU.Build.0 = Debug|Any CPU
		{B2701F7D-6CC4-A4D2-DBDA-4647517B3F1E}.Release|Any CPU.ActiveCfg = Release|Any CPU
		{B2701F7D-6CC4-A4D2-DBDA-4647517B3F1E}.Release|Any CPU.Build.0 = Release|Any CPU
		{7B1E0EC7-77DB-6707-3BB6-B691C12EE3DB}.Debug|Any CPU.ActiveCfg = Debug|Any CPU
		{7B1E0EC7-77DB-6707-3BB6-B691C12EE3DB}.Debug|Any CPU.Build.0 = Debug|Any CPU
		{7B1E0EC7-77DB-6707-3BB6-B691C12EE3DB}.Release|Any CPU.ActiveCfg = Release|Any CPU
		{7B1E0EC7-77DB-6707-3BB6-B691C12EE3DB}.Release|Any CPU.Build.0 = Release|Any CPU
		{039785ED-11BE-665C-BEEE-61F91CF44F4D}.Debug|Any CPU.ActiveCfg = Debug|Any CPU
		{039785ED-11BE-665C-BEEE-61F91CF44F4D}.Debug|Any CPU.Build.0 = Debug|Any CPU
		{039785ED-11BE-665C-BEEE-61F91CF44F4D}.Release|Any CPU.ActiveCfg = Release|Any CPU
		{039785ED-11BE-665C-BEEE-61F91CF44F4D}.Release|Any CPU.Build.0 = Release|Any CPU
		{975FBA48-59E4-AE1A-5F24-8A857230BC52}.Debug|Any CPU.ActiveCfg = Debug|Any CPU
		{975FBA48-59E4-AE1A-5F24-8A857230BC52}.Debug|Any CPU.Build.0 = Debug|Any CPU
		{975FBA48-59E4-AE1A-5F24-8A857230BC52}.Release|Any CPU.ActiveCfg = Release|Any CPU
		{975FBA48-59E4-AE1A-5F24-8A857230BC52}.Release|Any CPU.Build.0 = Release|Any CPU
	EndGlobalSection
	GlobalSection(SolutionProperties) = preSolution
		HideSolutionNode = FALSE
	EndGlobalSection
EndGlobal
